
Microsoft Visual Studio Solution File, Format Version 12.00
# Visual Studio Version 17
VisualStudioVersion = 17.0.31903.59
MinimumVisualStudioVersion = 10.0.40219.1

EndProject
Project("{FAE04EC0-301F-11D3-BF4B-00C04F79EFBC}") = "CreditFlow.API", "src\CreditFlow.API\CreditFlow.API.csproj", "{DCE147C6-7D83-4C89-9DC8-FA8A318C95C3}"
EndProject
Project("{FAE04EC0-301F-11D3-BF4B-00C04F79EFBC}") = "CreditFlow.Core", "src\CreditFlow.Core\CreditFlow.Core.csproj", "{3204207E-1C08-4EC6-B270-A7FF4F44E7F2}"
EndProject
Project("{FAE04EC0-301F-11D3-BF4B-00C04F79EFBC}") = "CreditFlow.Workers", "src\CreditFlow.Workers\CreditFlow.Workers.csproj", "{B2B8C71F-8848-4C80-B2E3-FFB783CA4F78}"
EndProject

EndProject
Project("{FAE04EC0-301F-11D3-BF4B-00C04F79EFBC}") = "CreditFlow.Tests", "tests\CreditFlow.Tests\CreditFlow.Tests.csproj", "{C01249A1-0D9C-439E-86D7-81070239E214}"
EndProject

EndProject
Project("{FAE04EC0-301F-11D3-BF4B-00C04F79EFBC}") = "CreditFlow.Infrastructure", "infra\CreditFlow.Infrastructure\CreditFlow.Infrastructure.csproj", "{2025F5F7-F2B8-462D-82D5-CC69F4C82B37}"
EndProject
Global
	GlobalSection(SolutionConfigurationPlatforms) = preSolution
		Debug|Any CPU = Debug|Any CPU
		Release|Any CPU = Release|Any CPU
	EndGlobalSection
	GlobalSection(SolutionProperties) = preSolution
		HideSolutionNode = FALSE
	EndGlobalSection
	GlobalSection(ProjectConfigurationPlatforms) = postSolution
		{DCE147C6-7D83-4C89-9DC8-FA8A318C95C3}.Debug|Any CPU.ActiveCfg = Debug|Any CPU
		{DCE147C6-7D83-4C89-9DC8-FA8A318C95C3}.Debug|Any CPU.Build.0 = Debug|Any CPU
		{DCE147C6-7D83-4C89-9DC8-FA8A318C95C3}.Release|Any CPU.ActiveCfg = Release|Any CPU
		{DCE147C6-7D83-4C89-9DC8-FA8A318C95C3}.Release|Any CPU.Build.0 = Release|Any CPU
		{3204207E-1C08-4EC6-B270-A7FF4F44E7F2}.Debug|Any CPU.ActiveCfg = Debug|Any CPU
		{3204207E-1C08-4EC6-B270-A7FF4F44E7F2}.Debug|Any CPU.Build.0 = Debug|Any CPU
		{3204207E-1C08-4EC6-B270-A7FF4F44E7F2}.Release|Any CPU.ActiveCfg = Release|Any CPU
		{3204207E-1C08-4EC6-B270-A7FF4F44E7F2}.Release|Any CPU.Build.0 = Release|Any CPU
		{B2B8C71F-8848-4C80-B2E3-FFB783CA4F78}.Debug|Any CPU.ActiveCfg = Debug|Any CPU
		{B2B8C71F-8848-4C80-B2E3-FFB783CA4F78}.Debug|Any CPU.Build.0 = Debug|Any CPU
		{B2B8C71F-8848-4C80-B2E3-FFB783CA4F78}.Release|Any CPU.ActiveCfg = Release|Any CPU
		{B2B8C71F-8848-4C80-B2E3-FFB783CA4F78}.Release|Any CPU.Build.0 = Release|Any CPU
		{C01249A1-0D9C-439E-86D7-81070239E214}.Debug|Any CPU.ActiveCfg = Debug|Any CPU
		{C01249A1-0D9C-439E-86D7-81070239E214}.Debug|Any CPU.Build.0 = Debug|Any CPU
		{C01249A1-0D9C-439E-86D7-81070239E214}.Release|Any CPU.ActiveCfg = Release|Any CPU
		{C01249A1-0D9C-439E-86D7-81070239E214}.Release|Any CPU.Build.0 = Release|Any CPU
		{2025F5F7-F2B8-462D-82D5-CC69F4C82B37}.Debug|Any CPU.ActiveCfg = Debug|Any CPU
		{2025F5F7-F2B8-462D-82D5-CC69F4C82B37}.Debug|Any CPU.Build.0 = Debug|Any CPU
		{2025F5F7-F2B8-462D-82D5-CC69F4C82B37}.Release|Any CPU.ActiveCfg = Release|Any CPU
		{2025F5F7-F2B8-462D-82D5-CC69F4C82B37}.Release|Any CPU.Build.0 = Release|Any CPU
	EndGlobalSection
	GlobalSection(NestedProjects) = preSolution
		{DCE147C6-7D83-4C89-9DC8-FA8A318C95C3} = {7A367A11-22B4-48AC-822F-5F6D8E40B569}
		{3204207E-1C08-4EC6-B270-A7FF4F44E7F2} = {7A367A11-22B4-48AC-822F-5F6D8E40B569}
		{B2B8C71F-8848-4C80-B2E3-FFB783CA4F78} = {7A367A11-22B4-48AC-822F-5F6D8E40B569}
		{C01249A1-0D9C-439E-86D7-81070239E214} = {DB5FB201-517D-4413-9F81-5D77F643352E}
		{2025F5F7-F2B8-462D-82D5-CC69F4C82B37} = {8AB3EF0A-7281-4B92-AFCD-B41B0972E3F9}
	EndGlobalSection
EndGlobal
